// !$*UTF8*$!
{
	archiveVersion = 1;
	classes = {
	};
	objectVersion = 46;
	objects = {

/* Begin PBXBuildFile section */
		9641552F181E4ABD0013CE42 /* Foundation.framework in Frameworks */ = {isa = PBXBuildFile; fileRef = 9641552E181E4ABD0013CE42 /* Foundation.framework */; };
		96415531181E4ABD0013CE42 /* CoreGraphics.framework in Frameworks */ = {isa = PBXBuildFile; fileRef = 96415530181E4ABD0013CE42 /* CoreGraphics.framework */; };
		96415533181E4ABD0013CE42 /* UIKit.framework in Frameworks */ = {isa = PBXBuildFile; fileRef = 96415532181E4ABD0013CE42 /* UIKit.framework */; };
		96415539181E4ABD0013CE42 /* InfoPlist.strings in Resources */ = {isa = PBXBuildFile; fileRef = 96415537181E4ABD0013CE42 /* InfoPlist.strings */; };
		9641553B181E4ABD0013CE42 /* main.m in Sources */ = {isa = PBXBuildFile; fileRef = 9641553A181E4ABD0013CE42 /* main.m */; };
		9641553F181E4ABD0013CE42 /* AppDelegate.m in Sources */ = {isa = PBXBuildFile; fileRef = 9641553E181E4ABD0013CE42 /* AppDelegate.m */; };
		96415541181E4ABD0013CE42 /* Images.xcassets in Resources */ = {isa = PBXBuildFile; fileRef = 96415540181E4ABD0013CE42 /* Images.xcassets */; };
		96415548181E4ABE0013CE42 /* XCTest.framework in Frameworks */ = {isa = PBXBuildFile; fileRef = 96415547181E4ABE0013CE42 /* XCTest.framework */; };
		96415549181E4ABE0013CE42 /* Foundation.framework in Frameworks */ = {isa = PBXBuildFile; fileRef = 9641552E181E4ABD0013CE42 /* Foundation.framework */; };
		9641554A181E4ABE0013CE42 /* UIKit.framework in Frameworks */ = {isa = PBXBuildFile; fileRef = 96415532181E4ABD0013CE42 /* UIKit.framework */; };
		96415552181E4ABE0013CE42 /* InfoPlist.strings in Resources */ = {isa = PBXBuildFile; fileRef = 96415550181E4ABE0013CE42 /* InfoPlist.strings */; };
		96415554181E4ABE0013CE42 /* UINavigationControllerRotationTests.m in Sources */ = {isa = PBXBuildFile; fileRef = 96415553181E4ABE0013CE42 /* UINavigationControllerRotationTests.m */; };
		9641555F181E4ACE0013CE42 /* UINavigationController+Rotation.m in Sources */ = {isa = PBXBuildFile; fileRef = 9641555E181E4ACE0013CE42 /* UINavigationController+Rotation.m */; };
		96415564181E4AFA0013CE42 /* TestOneViewController.m in Sources */ = {isa = PBXBuildFile; fileRef = 96415561181E4AFA0013CE42 /* TestOneViewController.m */; };
		96415565181E4AFA0013CE42 /* TestTwoViewController.m in Sources */ = {isa = PBXBuildFile; fileRef = 96415563181E4AFA0013CE42 /* TestTwoViewController.m */; };
/* End PBXBuildFile section */

/* Begin PBXContainerItemProxy section */
		9641554B181E4ABE0013CE42 /* PBXContainerItemProxy */ = {
			isa = PBXContainerItemProxy;
			containerPortal = 96415523181E4ABD0013CE42 /* Project object */;
			proxyType = 1;
			remoteGlobalIDString = 9641552A181E4ABD0013CE42;
			remoteInfo = UINavigationControllerRotation;
		};
/* End PBXContainerItemProxy section */

/* Begin PBXFileReference section */
		9641552B181E4ABD0013CE42 /* UINavigationControllerRotation.app */ = {isa = PBXFileReference; explicitFileType = wrapper.application; includeInIndex = 0; path = UINavigationControllerRotation.app; sourceTree = BUILT_PRODUCTS_DIR; };
		9641552E181E4ABD0013CE42 /* Foundation.framework */ = {isa = PBXFileReference; lastKnownFileType = wrapper.framework; name = Foundation.framework; path = System/Library/Frameworks/Foundation.framework; sourceTree = SDKROOT; };
		96415530181E4ABD0013CE42 /* CoreGraphics.framework */ = {isa = PBXFileReference; lastKnownFileType = wrapper.framework; name = CoreGraphics.framework; path = System/Library/Frameworks/CoreGraphics.framework; sourceTree = SDKROOT; };
		96415532181E4ABD0013CE42 /* UIKit.framework */ = {isa = PBXFileReference; lastKnownFileType = wrapper.framework; name = UIKit.framework; path = System/Library/Frameworks/UIKit.framework; sourceTree = SDKROOT; };
		96415536181E4ABD0013CE42 /* UINavigationControllerRotation-Info.plist */ = {isa = PBXFileReference; lastKnownFileType = text.plist.xml; path = "UINavigationControllerRotation-Info.plist"; sourceTree = "<group>"; };
		96415538181E4ABD0013CE42 /* en */ = {isa = PBXFileReference; lastKnownFileType = text.plist.strings; name = en; path = en.lproj/InfoPlist.strings; sourceTree = "<group>"; };
		9641553A181E4ABD0013CE42 /* main.m */ = {isa = PBXFileReference; lastKnownFileType = sourcecode.c.objc; path = main.m; sourceTree = "<group>"; };
		9641553C181E4ABD0013CE42 /* UINavigationControllerRotation-Prefix.pch */ = {isa = PBXFileReference; lastKnownFileType = sourcecode.c.h; path = "UINavigationControllerRotation-Prefix.pch"; sourceTree = "<group>"; };
		9641553D181E4ABD0013CE42 /* AppDelegate.h */ = {isa = PBXFileReference; lastKnownFileType = sourcecode.c.h; path = AppDelegate.h; sourceTree = "<group>"; };
		9641553E181E4ABD0013CE42 /* AppDelegate.m */ = {isa = PBXFileReference; lastKnownFileType = sourcecode.c.objc; path = AppDelegate.m; sourceTree = "<group>"; };
		96415540181E4ABD0013CE42 /* Images.xcassets */ = {isa = PBXFileReference; lastKnownFileType = folder.assetcatalog; path = Images.xcassets; sourceTree = "<group>"; };
		96415546181E4ABE0013CE42 /* UINavigationControllerRotationTests.xctest */ = {isa = PBXFileReference; explicitFileType = wrapper.cfbundle; includeInIndex = 0; path = UINavigationControllerRotationTests.xctest; sourceTree = BUILT_PRODUCTS_DIR; };
		96415547181E4ABE0013CE42 /* XCTest.framework */ = {isa = PBXFileReference; lastKnownFileType = wrapper.framework; name = XCTest.framework; path = Library/Frameworks/XCTest.framework; sourceTree = DEVELOPER_DIR; };
		9641554F181E4ABE0013CE42 /* UINavigationControllerRotationTests-Info.plist */ = {isa = PBXFileReference; lastKnownFileType = text.plist.xml; path = "UINavigationControllerRotationTests-Info.plist"; sourceTree = "<group>"; };
		96415551181E4ABE0013CE42 /* en */ = {isa = PBXFileReference; lastKnownFileType = text.plist.strings; name = en; path = en.lproj/InfoPlist.strings; sourceTree = "<group>"; };
		96415553181E4ABE0013CE42 /* UINavigationControllerRotationTests.m */ = {isa = PBXFileReference; lastKnownFileType = sourcecode.c.objc; path = UINavigationControllerRotationTests.m; sourceTree = "<group>"; };
		9641555D181E4ACE0013CE42 /* UINavigationController+Rotation.h */ = {isa = PBXFileReference; fileEncoding = 4; lastKnownFileType = sourcecode.c.h; path = "UINavigationController+Rotation.h"; sourceTree = "<group>"; };
		9641555E181E4ACE0013CE42 /* UINavigationController+Rotation.m */ = {isa = PBXFileReference; fileEncoding = 4; lastKnownFileType = sourcecode.c.objc; path = "UINavigationController+Rotation.m"; sourceTree = "<group>"; };
		96415560181E4AFA0013CE42 /* TestOneViewController.h */ = {isa = PBXFileReference; fileEncoding = 4; lastKnownFileType = sourcecode.c.h; path = TestOneViewController.h; sourceTree = "<group>"; };
		96415561181E4AFA0013CE42 /* TestOneViewController.m */ = {isa = PBXFileReference; fileEncoding = 4; lastKnownFileType = sourcecode.c.objc; path = TestOneViewController.m; sourceTree = "<group>"; };
		96415562181E4AFA0013CE42 /* TestTwoViewController.h */ = {isa = PBXFileReference; fileEncoding = 4; lastKnownFileType = sourcecode.c.h; path = TestTwoViewController.h; sourceTree = "<group>"; };
		96415563181E4AFA0013CE42 /* TestTwoViewController.m */ = {isa = PBXFileReference; fileEncoding = 4; lastKnownFileType = sourcecode.c.objc; path = TestTwoViewController.m; sourceTree = "<group>"; };
/* End PBXFileReference section */

/* Begin PBXFrameworksBuildPhase section */
		96415528181E4ABD0013CE42 /* Frameworks */ = {
			isa = PBXFrameworksBuildPhase;
			buildActionMask = 2147483647;
			files = (
				96415531181E4ABD0013CE42 /* CoreGraphics.framework in Frameworks */,
				96415533181E4ABD0013CE42 /* UIKit.framework in Frameworks */,
				9641552F181E4ABD0013CE42 /* Foundation.framework in Frameworks */,
			);
			runOnlyForDeploymentPostprocessing = 0;
		};
		96415543181E4ABE0013CE42 /* Frameworks */ = {
			isa = PBXFrameworksBuildPhase;
			buildActionMask = 2147483647;
			files = (
				96415548181E4ABE0013CE42 /* XCTest.framework in Frameworks */,
				9641554A181E4ABE0013CE42 /* UIKit.framework in Frameworks */,
				96415549181E4ABE0013CE42 /* Foundation.framework in Frameworks */,
			);
			runOnlyForDeploymentPostprocessing = 0;
		};
/* End PBXFrameworksBuildPhase section */

/* Begin PBXGroup section */
		96415522181E4ABD0013CE42 = {
			isa = PBXGroup;
			children = (
				96415534181E4ABD0013CE42 /* UINavigationControllerRotation */,
				9641554D181E4ABE0013CE42 /* UINavigationControllerRotationTests */,
				9641552D181E4ABD0013CE42 /* Frameworks */,
				9641552C181E4ABD0013CE42 /* Products */,
			);
			sourceTree = "<group>";
		};
		9641552C181E4ABD0013CE42 /* Products */ = {
			isa = PBXGroup;
			children = (
				9641552B181E4ABD0013CE42 /* UINavigationControllerRotation.app */,
				96415546181E4ABE0013CE42 /* UINavigationControllerRotationTests.xctest */,
			);
			name = Products;
			sourceTree = "<group>";
		};
		9641552D181E4ABD0013CE42 /* Frameworks */ = {
			isa = PBXGroup;
			children = (
				9641552E181E4ABD0013CE42 /* Foundation.framework */,
				96415530181E4ABD0013CE42 /* CoreGraphics.framework */,
				96415532181E4ABD0013CE42 /* UIKit.framework */,
				96415547181E4ABE0013CE42 /* XCTest.framework */,
			);
			name = Frameworks;
			sourceTree = "<group>";
		};
		96415534181E4ABD0013CE42 /* UINavigationControllerRotation */ = {
			isa = PBXGroup;
			children = (
				9641555D181E4ACE0013CE42 /* UINavigationController+Rotation.h */,
				9641555E181E4ACE0013CE42 /* UINavigationController+Rotation.m */,
				96415560181E4AFA0013CE42 /* TestOneViewController.h */,
				96415561181E4AFA0013CE42 /* TestOneViewController.m */,
				96415562181E4AFA0013CE42 /* TestTwoViewController.h */,
				96415563181E4AFA0013CE42 /* TestTwoViewController.m */,
				9641553D181E4ABD0013CE42 /* AppDelegate.h */,
				9641553E181E4ABD0013CE42 /* AppDelegate.m */,
				96415540181E4ABD0013CE42 /* Images.xcassets */,
				96415535181E4ABD0013CE42 /* Supporting Files */,
			);
			path = UINavigationControllerRotation;
			sourceTree = "<group>";
		};
		96415535181E4ABD0013CE42 /* Supporting Files */ = {
			isa = PBXGroup;
			children = (
				96415536181E4ABD0013CE42 /* UINavigationControllerRotation-Info.plist */,
				96415537181E4ABD0013CE42 /* InfoPlist.strings */,
				9641553A181E4ABD0013CE42 /* main.m */,
				9641553C181E4ABD0013CE42 /* UINavigationControllerRotation-Prefix.pch */,
			);
			name = "Supporting Files";
			sourceTree = "<group>";
		};
		9641554D181E4ABE0013CE42 /* UINavigationControllerRotationTests */ = {
			isa = PBXGroup;
			children = (
				96415553181E4ABE0013CE42 /* UINavigationControllerRotationTests.m */,
				9641554E181E4ABE0013CE42 /* Supporting Files */,
			);
			path = UINavigationControllerRotationTests;
			sourceTree = "<group>";
		};
		9641554E181E4ABE0013CE42 /* Supporting Files */ = {
			isa = PBXGroup;
			children = (
				9641554F181E4ABE0013CE42 /* UINavigationControllerRotationTests-Info.plist */,
				96415550181E4ABE0013CE42 /* InfoPlist.strings */,
			);
			name = "Supporting Files";
			sourceTree = "<group>";
		};
/* End PBXGroup section */

/* Begin PBXNativeTarget section */
		9641552A181E4ABD0013CE42 /* UINavigationControllerRotation */ = {
			isa = PBXNativeTarget;
			buildConfigurationList = 96415557181E4ABE0013CE42 /* Build configuration list for PBXNativeTarget "UINavigationControllerRotation" */;
			buildPhases = (
				96415527181E4ABD0013CE42 /* Sources */,
				96415528181E4ABD0013CE42 /* Frameworks */,
				96415529181E4ABD0013CE42 /* Resources */,
			);
			buildRules = (
			);
			dependencies = (
			);
			name = UINavigationControllerRotation;
			productName = UINavigationControllerRotation;
			productReference = 9641552B181E4ABD0013CE42 /* UINavigationControllerRotation.app */;
			productType = "com.apple.product-type.application";
		};
		96415545181E4ABE0013CE42 /* UINavigationControllerRotationTests */ = {
			isa = PBXNativeTarget;
			buildConfigurationList = 9641555A181E4ABE0013CE42 /* Build configuration list for PBXNativeTarget "UINavigationControllerRotationTests" */;
			buildPhases = (
				96415542181E4ABE0013CE42 /* Sources */,
				96415543181E4ABE0013CE42 /* Frameworks */,
				96415544181E4ABE0013CE42 /* Resources */,
			);
			buildRules = (
			);
			dependencies = (
				9641554C181E4ABE0013CE42 /* PBXTargetDependency */,
			);
			name = UINavigationControllerRotationTests;
			productName = UINavigationControllerRotationTests;
			productReference = 96415546181E4ABE0013CE42 /* UINavigationControllerRotationTests.xctest */;
			productType = "com.apple.product-type.bundle.unit-test";
		};
/* End PBXNativeTarget section */

/* Begin PBXProject section */
		96415523181E4ABD0013CE42 /* Project object */ = {
			isa = PBXProject;
			attributes = {
				LastUpgradeCheck = 0500;
				ORGANIZATIONNAME = bob;
				TargetAttributes = {
					96415545181E4ABE0013CE42 = {
						TestTargetID = 9641552A181E4ABD0013CE42;
					};
				};
			};
			buildConfigurationList = 96415526181E4ABD0013CE42 /* Build configuration list for PBXProject "UINavigationControllerRotation" */;
			compatibilityVersion = "Xcode 3.2";
			developmentRegion = English;
			hasScannedForEncodings = 0;
			knownRegions = (
				en,
			);
			mainGroup = 96415522181E4ABD0013CE42;
			productRefGroup = 9641552C181E4ABD0013CE42 /* Products */;
			projectDirPath = "";
			projectRoot = "";
			targets = (
				9641552A181E4ABD0013CE42 /* UINavigationControllerRotation */,
				96415545181E4ABE0013CE42 /* UINavigationControllerRotationTests */,
			);
		};
/* End PBXProject section */

/* Begin PBXResourcesBuildPhase section */
		96415529181E4ABD0013CE42 /* Resources */ = {
			isa = PBXResourcesBuildPhase;
			buildActionMask = 2147483647;
			files = (
				96415539181E4ABD0013CE42 /* InfoPlist.strings in Resources */,
				96415541181E4ABD0013CE42 /* Images.xcassets in Resources */,
			);
			runOnlyForDeploymentPostprocessing = 0;
		};
		96415544181E4ABE0013CE42 /* Resources */ = {
			isa = PBXResourcesBuildPhase;
			buildActionMask = 2147483647;
			files = (
				96415552181E4ABE0013CE42 /* InfoPlist.strings in Resources */,
			);
			runOnlyForDeploymentPostprocessing = 0;
		};
/* End PBXResourcesBuildPhase section */

/* Begin PBXSourcesBuildPhase section */
		96415527181E4ABD0013CE42 /* Sources */ = {
			isa = PBXSourcesBuildPhase;
			buildActionMask = 2147483647;
			files = (
				9641553F181E4ABD0013CE42 /* AppDelegate.m in Sources */,
				96415565181E4AFA0013CE42 /* TestTwoViewController.m in Sources */,
				9641555F181E4ACE0013CE42 /* UINavigationController+Rotation.m in Sources */,
				9641553B181E4ABD0013CE42 /* main.m in Sources */,
				96415564181E4AFA0013CE42 /* TestOneViewController.m in Sources */,
			);
			runOnlyForDeploymentPostprocessing = 0;
		};
		96415542181E4ABE0013CE42 /* Sources */ = {
			isa = PBXSourcesBuildPhase;
			buildActionMask = 2147483647;
			files = (
				96415554181E4ABE0013CE42 /* UINavigationControllerRotationTests.m in Sources */,
			);
			runOnlyForDeploymentPostprocessing = 0;
		};
/* End PBXSourcesBuildPhase section */

/* Begin PBXTargetDependency section */
		9641554C181E4ABE0013CE42 /* PBXTargetDependency */ = {
			isa = PBXTargetDependency;
			target = 9641552A181E4ABD0013CE42 /* UINavigationControllerRotation */;
			targetProxy = 9641554B181E4ABE0013CE42 /* PBXContainerItemProxy */;
		};
/* End PBXTargetDependency section */

/* Begin PBXVariantGroup section */
		96415537181E4ABD0013CE42 /* InfoPlist.strings */ = {
			isa = PBXVariantGroup;
			children = (
				96415538181E4ABD0013CE42 /* en */,
			);
			name = InfoPlist.strings;
			sourceTree = "<group>";
		};
		96415550181E4ABE0013CE42 /* InfoPlist.strings */ = {
			isa = PBXVariantGroup;
			children = (
				96415551181E4ABE0013CE42 /* en */,
			);
			name = InfoPlist.strings;
			sourceTree = "<group>";
		};
/* End PBXVariantGroup section */

/* Begin XCBuildConfiguration section */
		96415555181E4ABE0013CE42 /* Debug */ = {
			isa = XCBuildConfiguration;
			buildSettings = {
				ALWAYS_SEARCH_USER_PATHS = NO;
				ARCHS = "$(ARCHS_STANDARD_INCLUDING_64_BIT)";
				CLANG_CXX_LANGUAGE_STANDARD = "gnu++0x";
				CLANG_CXX_LIBRARY = "libc++";
				CLANG_ENABLE_MODULES = YES;
				CLANG_ENABLE_OBJC_ARC = YES;
				CLANG_WARN_BOOL_CONVERSION = YES;
				CLANG_WARN_CONSTANT_CONVERSION = YES;
				CLANG_WARN_DIRECT_OBJC_ISA_USAGE = YES_ERROR;
				CLANG_WARN_EMPTY_BODY = YES;
				CLANG_WARN_ENUM_CONVERSION = YES;
				CLANG_WARN_INT_CONVERSION = YES;
				CLANG_WARN_OBJC_ROOT_CLASS = YES_ERROR;
				CLANG_WARN__DUPLICATE_METHOD_MATCH = YES;
				"CODE_SIGN_IDENTITY[sdk=iphoneos*]" = "iPhone Developer";
				COPY_PHASE_STRIP = NO;
				GCC_C_LANGUAGE_STANDARD = gnu99;
				GCC_DYNAMIC_NO_PIC = NO;
				GCC_OPTIMIZATION_LEVEL = 0;
				GCC_PREPROCESSOR_DEFINITIONS = (
					"DEBUG=1",
					"$(inherited)",
				);
				GCC_SYMBOLS_PRIVATE_EXTERN = NO;
				GCC_WARN_64_TO_32_BIT_CONVERSION = YES;
				GCC_WARN_ABOUT_RETURN_TYPE = YES_ERROR;
				GCC_WARN_UNDECLARED_SELECTOR = YES;
				GCC_WARN_UNINITIALIZED_AUTOS = YES;
				GCC_WARN_UNUSED_FUNCTION = YES;
				GCC_WARN_UNUSED_VARIABLE = YES;
				IPHONEOS_DEPLOYMENT_TARGET = 7.0;
				ONLY_ACTIVE_ARCH = YES;
				SDKROOT = iphoneos;
			};
			name = Debug;
		};
		96415556181E4ABE0013CE42 /* Release */ = {
			isa = XCBuildConfiguration;
			buildSettings = {
				ALWAYS_SEARCH_USER_PATHS = NO;
				ARCHS = "$(ARCHS_STANDARD_INCLUDING_64_BIT)";
				CLANG_CXX_LANGUAGE_STANDARD = "gnu++0x";
				CLANG_CXX_LIBRARY = "libc++";
				CLANG_ENABLE_MODULES = YES;
				CLANG_ENABLE_OBJC_ARC = YES;
				CLANG_WARN_BOOL_CONVERSION = YES;
				CLANG_WARN_CONSTANT_CONVERSION = YES;
				CLANG_WARN_DIRECT_OBJC_ISA_USAGE = YES_ERROR;
				CLANG_WARN_EMPTY_BODY = YES;
				CLANG_WARN_ENUM_CONVERSION = YES;
				CLANG_WARN_INT_CONVERSION = YES;
				CLANG_WARN_OBJC_ROOT_CLASS = YES_ERROR;
				CLANG_WARN__DUPLICATE_METHOD_MATCH = YES;
				"CODE_SIGN_IDENTITY[sdk=iphoneos*]" = "iPhone Developer";
				COPY_PHASE_STRIP = YES;
				ENABLE_NS_ASSERTIONS = NO;
				GCC_C_LANGUAGE_STANDARD = gnu99;
				GCC_WARN_64_TO_32_BIT_CONVERSION = YES;
				GCC_WARN_ABOUT_RETURN_TYPE = YES_ERROR;
				GCC_WARN_UNDECLARED_SELECTOR = YES;
				GCC_WARN_UNINITIALIZED_AUTOS = YES;
				GCC_WARN_UNUSED_FUNCTION = YES;
				GCC_WARN_UNUSED_VARIABLE = YES;
				IPHONEOS_DEPLOYMENT_TARGET = 7.0;
				SDKROOT = iphoneos;
				VALIDATE_PRODUCT = YES;
			};
			name = Release;
		};
		96415558181E4ABE0013CE42 /* Debug */ = {
			isa = XCBuildConfiguration;
			buildSettings = {
				ASSETCATALOG_COMPILER_APPICON_NAME = AppIcon;
				ASSETCATALOG_COMPILER_LAUNCHIMAGE_NAME = LaunchImage;
				GCC_PRECOMPILE_PREFIX_HEADER = YES;
				GCC_PREFIX_HEADER = "UINavigationControllerRotation/UINavigationControllerRotation-Prefix.pch";
				INFOPLIST_FILE = "UINavigationControllerRotation/UINavigationControllerRotation-Info.plist";
				PRODUCT_NAME = "$(TARGET_NAME)";
				WRAPPER_EXTENSION = app;
			};
			name = Debug;
		};
		96415559181E4ABE0013CE42 /* Release */ = {
			isa = XCBuildConfiguration;
			buildSettings = {
				ASSETCATALOG_COMPILER_APPICON_NAME = AppIcon;
				ASSETCATALOG_COMPILER_LAUNCHIMAGE_NAME = LaunchImage;
				GCC_PRECOMPILE_PREFIX_HEADER = YES;
				GCC_PREFIX_HEADER = "UINavigationControllerRotation/UINavigationControllerRotation-Prefix.pch";
				INFOPLIST_FILE = "UINavigationControllerRotation/UINavigationControllerRotation-Info.plist";
				PRODUCT_NAME = "$(TARGET_NAME)";
				WRAPPER_EXTENSION = app;
			};
			name = Release;
		};
		9641555B181E4ABE0013CE42 /* Debug */ = {
			isa = XCBuildConfiguration;
			buildSettings = {
				ARCHS = "$(ARCHS_STANDARD_INCLUDING_64_BIT)";
				BUNDLE_LOADER = "$(BUILT_PRODUCTS_DIR)/UINavigationControllerRotation.app/UINavigationControllerRotation";
				FRAMEWORK_SEARCH_PATHS = (
					"$(SDKROOT)/Developer/Library/Frameworks",
					"$(inherited)",
					"$(DEVELOPER_FRAMEWORKS_DIR)",
				);
				GCC_PRECOMPILE_PREFIX_HEADER = YES;
				GCC_PREFIX_HEADER = "UINavigationControllerRotation/UINavigationControllerRotation-Prefix.pch";
				GCC_PREPROCESSOR_DEFINITIONS = (
					"DEBUG=1",
					"$(inherited)",
				);
				INFOPLIST_FILE = "UINavigationControllerRotationTests/UINavigationControllerRotationTests-Info.plist";
				PRODUCT_NAME = "$(TARGET_NAME)";
				TEST_HOST = "$(BUNDLE_LOADER)";
				WRAPPER_EXTENSION = xctest;
			};
			name = Debug;
		};
		9641555C181E4ABE0013CE42 /* Release */ = {
			isa = XCBuildConfiguration;
			buildSettings = {
				ARCHS = "$(ARCHS_STANDARD_INCLUDING_64_BIT)";
				BUNDLE_LOADER = "$(BUILT_PRODUCTS_DIR)/UINavigationControllerRotation.app/UINavigationControllerRotation";
				FRAMEWORK_SEARCH_PATHS = (
					"$(SDKROOT)/Developer/Library/Frameworks",
					"$(inherited)",
					"$(DEVELOPER_FRAMEWORKS_DIR)",
				);
				GCC_PRECOMPILE_PREFIX_HEADER = YES;
				GCC_PREFIX_HEADER = "UINavigationControllerRotation/UINavigationControllerRotation-Prefix.pch";
				INFOPLIST_FILE = "UINavigationControllerRotationTests/UINavigationControllerRotationTests-Info.plist";
				PRODUCT_NAME = "$(TARGET_NAME)";
				TEST_HOST = "$(BUNDLE_LOADER)";
				WRAPPER_EXTENSION = xctest;
			};
			name = Release;
		};
/* End XCBuildConfiguration section */

/* Begin XCConfigurationList section */
		96415526181E4ABD0013CE42 /* Build configuration list for PBXProject "UINavigationControllerRotation" */ = {
			isa = XCConfigurationList;
			buildConfigurations = (
				96415555181E4ABE0013CE42 /* Debug */,
				96415556181E4ABE0013CE42 /* Release */,
			);
			defaultConfigurationIsVisible = 0;
			defaultConfigurationName = Release;
		};
		96415557181E4ABE0013CE42 /* Build configuration list for PBXNativeTarget "UINavigationControllerRotation" */ = {
			isa = XCConfigurationList;
			buildConfigurations = (
				96415558181E4ABE0013CE42 /* Debug */,
				96415559181E4ABE0013CE42 /* Release */,
			);
			defaultConfigurationIsVisible = 0;
		};
		9641555A181E4ABE0013CE42 /* Build configuration list for PBXNativeTarget "UINavigationControllerRotationTests" */ = {
			isa = XCConfigurationList;
			buildConfigurations = (
				9641555B181E4ABE0013CE42 /* Debug */,
				9641555C181E4ABE0013CE42 /* Release */,
			);
			defaultConfigurationIsVisible = 0;
		};
/* End XCConfigurationList section */
	};
	rootObject = 96415523181E4ABD0013CE42 /* Project object */;
}
